
Microsoft Visual Studio Solution File, Format Version 12.00
# Visual Studio Version 16
VisualStudioVersion = 16.0.35130.168
MinimumVisualStudioVersion = 10.0.40219.1
Project("{8BC9CEB8-8B4A-11D0-8D11-00A0C91BC942}") = "MyZork", "MyZork\MyZork.vcxproj", "{0F305777-0336-4C2C-8B20-6E9CE9C3207F}"
EndProject
Global
	GlobalSection(SolutionConfigurationPlatforms) = preSolution
		Debug|x64 = Debug|x64
		Debug|x86 = Debug|x86
		Release|x64 = Release|x64
		Release|x86 = Release|x86
	EndGlobalSection
	GlobalSection(ProjectConfigurationPlatforms) = postSolution
		{0F305777-0336-4C2C-8B20-6E9CE9C3207F}.Debug|x64.ActiveCfg = Debug|x64
		{0F305777-0336-4C2C-8B20-6E9CE9C3207F}.Debug|x64.Build.0 = Debug|x64
		{0F305777-0336-4C2C-8B20-6E9CE9C3207F}.Debug|x86.ActiveCfg = Debug|Win32
		{0F305777-0336-4C2C-8B20-6E9CE9C3207F}.Debug|x86.Build.0 = Debug|Win32
		{0F305777-0336-4C2C-8B20-6E9CE9C3207F}.Release|x64.ActiveCfg = Release|x64
		{0F305777-0336-4C2C-8B20-6E9CE9C3207F}.Release|x64.Build.0 = Release|x64
		{0F305777-0336-4C2C-8B20-6E9CE9C3207F}.Release|x86.ActiveCfg = Release|Win32
		{0F305777-0336-4C2C-8B20-6E9CE9C3207F}.Release|x86.Build.0 = Release|Win32
	EndGlobalSection
	GlobalSection(SolutionProperties) = preSolution
		HideSolutionNode = FALSE
	EndGlobalSection
	GlobalSection(ExtensibilityGlobals) = postSolution
		SolutionGuid = {D60764E7-FD5C-4313-8094-9F673BA2D822}
	EndGlobalSection
EndGlobal
